// !$*UTF8*$!
{
	archiveVersion = 1;
	classes = {
	};
	objectVersion = 56;
	objects = {

/* Begin PBXBuildFile section */
		2F4A97632BDFD0E0008EE027 /* SimpleShortform in Resources */ = {isa = PBXBuildFile; fileRef = 2F4A97622BDFD0E0008EE027 /* SimpleShortform */; };
		2F7CA17B29D6BCFE00C9BD8D /* RxCocoa in Frameworks */ = {isa = PBXBuildFile; productRef = 2F7CA17A29D6BCFE00C9BD8D /* RxCocoa */; };
		2F7CA17D29D6BCFE00C9BD8D /* RxRelay in Frameworks */ = {isa = PBXBuildFile; productRef = 2F7CA17C29D6BCFE00C9BD8D /* RxRelay */; };
		2F7CA17F29D6BCFE00C9BD8D /* RxSwift in Frameworks */ = {isa = PBXBuildFile; productRef = 2F7CA17E29D6BCFE00C9BD8D /* RxSwift */; };
		2F8F6E7E2BDFD225004C3779 /* SimpleShortform in Sources */ = {isa = PBXBuildFile; fileRef = 2F4A97622BDFD0E0008EE027 /* SimpleShortform */; };
/* End PBXBuildFile section */

/* Begin PBXFileReference section */
		2F4A97622BDFD0E0008EE027 /* SimpleShortform */ = {isa = PBXFileReference; lastKnownFileType = folder; path = SimpleShortform; sourceTree = "<group>"; };
		2F4D0BA829D6B9F8006B9DB1 /* SimpleShortform.app */ = {isa = PBXFileReference; explicitFileType = wrapper.application; includeInIndex = 0; path = SimpleShortform.app; sourceTree = BUILT_PRODUCTS_DIR; };
/* End PBXFileReference section */

/* Begin PBXFrameworksBuildPhase section */
		2F4D0BA529D6B9F8006B9DB1 /* Frameworks */ = {
			isa = PBXFrameworksBuildPhase;
			buildActionMask = 2147483647;
			files = (
				2F7CA17F29D6BCFE00C9BD8D /* RxSwift in Frameworks */,
				2F7CA17D29D6BCFE00C9BD8D /* RxRelay in Frameworks */,
				2F7CA17B29D6BCFE00C9BD8D /* RxCocoa in Frameworks */,
			);
			runOnlyForDeploymentPostprocessing = 0;
		};
/* End PBXFrameworksBuildPhase section */

/* Begin PBXGroup section */
		2F4D0B9F29D6B9F8006B9DB1 = {
			isa = PBXGroup;
			children = (
				2F4A97622BDFD0E0008EE027 /* SimpleShortform */,
				2F4D0BA929D6B9F8006B9DB1 /* Products */,
			);
			sourceTree = "<group>";
		};
		2F4D0BA929D6B9F8006B9DB1 /* Products */ = {
			isa = PBXGroup;
			children = (
				2F4D0BA829D6B9F8006B9DB1 /* SimpleShortform.app */,
			);
			name = Products;
			sourceTree = "<group>";
		};
/* End PBXGroup section */

/* Begin PBXNativeTarget section */
		2F4D0BA729D6B9F8006B9DB1 /* SimpleShortform */ = {
			isa = PBXNativeTarget;
			buildConfigurationList = 2F4D0BBC29D6B9F8006B9DB1 /* Build configuration list for PBXNativeTarget "SimpleShortform" */;
			buildPhases = (
				2F4D0BA429D6B9F8006B9DB1 /* Sources */,
				2F4D0BA529D6B9F8006B9DB1 /* Frameworks */,
				2F4D0BA629D6B9F8006B9DB1 /* Resources */,
			);
			buildRules = (
			);
			dependencies = (
			);
			name = SimpleShortform;
			packageProductDependencies = (
				2F7CA17A29D6BCFE00C9BD8D /* RxCocoa */,
				2F7CA17C29D6BCFE00C9BD8D /* RxRelay */,
				2F7CA17E29D6BCFE00C9BD8D /* RxSwift */,
			);
			productName = ShopLive_HW;
			productReference = 2F4D0BA829D6B9F8006B9DB1 /* SimpleShortform.app */;
			productType = "com.apple.product-type.application";
		};
/* End PBXNativeTarget section */

/* Begin PBXProject section */
		2F4D0BA029D6B9F8006B9DB1 /* Project object */ = {
			isa = PBXProject;
			attributes = {
				BuildIndependentTargetsInParallel = 1;
				LastSwiftUpdateCheck = 1420;
				LastUpgradeCheck = 1420;
				TargetAttributes = {
					2F4D0BA729D6B9F8006B9DB1 = {
						CreatedOnToolsVersion = 14.2;
					};
				};
			};
			buildConfigurationList = 2F4D0BA329D6B9F8006B9DB1 /* Build configuration list for PBXProject "SimpleShortform" */;
			compatibilityVersion = "Xcode 14.0";
			developmentRegion = en;
			hasScannedForEncodings = 0;
			knownRegions = (
				en,
				Base,
			);
			mainGroup = 2F4D0B9F29D6B9F8006B9DB1;
			packageReferences = (
				2F7CA17929D6BCFE00C9BD8D /* XCRemoteSwiftPackageReference "RxSwift" */,
			);
			productRefGroup = 2F4D0BA929D6B9F8006B9DB1 /* Products */;
			projectDirPath = "";
			projectRoot = "";
			targets = (
				2F4D0BA729D6B9F8006B9DB1 /* SimpleShortform */,
			);
		};
/* End PBXProject section */

/* Begin PBXResourcesBuildPhase section */
		2F4D0BA629D6B9F8006B9DB1 /* Resources */ = {
			isa = PBXResourcesBuildPhase;
			buildActionMask = 2147483647;
			files = (
				2F4A97632BDFD0E0008EE027 /* SimpleShortform in Resources */,
			);
			runOnlyForDeploymentPostprocessing = 0;
		};
/* End PBXResourcesBuildPhase section */

/* Begin PBXSourcesBuildPhase section */
		2F4D0BA429D6B9F8006B9DB1 /* Sources */ = {
			isa = PBXSourcesBuildPhase;
			buildActionMask = 2147483647;
			files = (
				2F8F6E7E2BDFD225004C3779 /* SimpleShortform in Sources */,
			);
			runOnlyForDeploymentPostprocessing = 0;
		};
/* End PBXSourcesBuildPhase section */

/* Begin XCBuildConfiguration section */
		2F4D0BBA29D6B9F8006B9DB1 /* Debug */ = {
			isa = XCBuildConfiguration;
			buildSettings = {
				ALWAYS_SEARCH_USER_PATHS = NO;
				CLANG_ANALYZER_NONNULL = YES;
				CLANG_ANALYZER_NUMBER_OBJECT_CONVERSION = YES_AGGRESSIVE;
				CLANG_CXX_LANGUAGE_STANDARD = "gnu++20";
				CLANG_ENABLE_MODULES = YES;
				CLANG_ENABLE_OBJC_ARC = YES;
				CLANG_ENABLE_OBJC_WEAK = YES;
				CLANG_WARN_BLOCK_CAPTURE_AUTORELEASING = YES;
				CLANG_WARN_BOOL_CONVERSION = YES;
				CLANG_WARN_COMMA = YES;
				CLANG_WARN_CONSTANT_CONVERSION = YES;
				CLANG_WARN_DEPRECATED_OBJC_IMPLEMENTATIONS = YES;
				CLANG_WARN_DIRECT_OBJC_ISA_USAGE = YES_ERROR;
				CLANG_WARN_DOCUMENTATION_COMMENTS = YES;
				CLANG_WARN_EMPTY_BODY = YES;
				CLANG_WARN_ENUM_CONVERSION = YES;
				CLANG_WARN_INFINITE_RECURSION = YES;
				CLANG_WARN_INT_CONVERSION = YES;
				CLANG_WARN_NON_LITERAL_NULL_CONVERSION = YES;
				CLANG_WARN_OBJC_IMPLICIT_RETAIN_SELF = YES;
				CLANG_WARN_OBJC_LITERAL_CONVERSION = YES;
				CLANG_WARN_OBJC_ROOT_CLASS = YES_ERROR;
				CLANG_WARN_QUOTED_INCLUDE_IN_FRAMEWORK_HEADER = YES;
				CLANG_WARN_RANGE_LOOP_ANALYSIS = YES;
				CLANG_WARN_STRICT_PROTOTYPES = YES;
				CLANG_WARN_SUSPICIOUS_MOVE = YES;
				CLANG_WARN_UNGUARDED_AVAILABILITY = YES_AGGRESSIVE;
				CLANG_WARN_UNREACHABLE_CODE = YES;
				CLANG_WARN__DUPLICATE_METHOD_MATCH = YES;
				COPY_PHASE_STRIP = NO;
				DEBUG_INFORMATION_FORMAT = dwarf;
				ENABLE_STRICT_OBJC_MSGSEND = YES;
				ENABLE_TESTABILITY = YES;
				GCC_C_LANGUAGE_STANDARD = gnu11;
				GCC_DYNAMIC_NO_PIC = NO;
				GCC_NO_COMMON_BLOCKS = YES;
				GCC_OPTIMIZATION_LEVEL = 0;
				GCC_PREPROCESSOR_DEFINITIONS = (
					"DEBUG=1",
					"$(inherited)",
				);
				GCC_WARN_64_TO_32_BIT_CONVERSION = YES;
				GCC_WARN_ABOUT_RETURN_TYPE = YES_ERROR;
				GCC_WARN_UNDECLARED_SELECTOR = YES;
				GCC_WARN_UNINITIALIZED_AUTOS = YES_AGGRESSIVE;
				GCC_WARN_UNUSED_FUNCTION = YES;
				GCC_WARN_UNUSED_VARIABLE = YES;
				IPHONEOS_DEPLOYMENT_TARGET = 16.2;
				MTL_ENABLE_DEBUG_INFO = INCLUDE_SOURCE;
				MTL_FAST_MATH = YES;
				ONLY_ACTIVE_ARCH = YES;
				SDKROOT = iphoneos;
				SWIFT_ACTIVE_COMPILATION_CONDITIONS = DEBUG;
				SWIFT_OPTIMIZATION_LEVEL = "-Onone";
			};
			name = Debug;
		};
		2F4D0BBB29D6B9F8006B9DB1 /* Release */ = {
			isa = XCBuildConfiguration;
			buildSettings = {
				ALWAYS_SEARCH_USER_PATHS = NO;
				CLANG_ANALYZER_NONNULL = YES;
				CLANG_ANALYZER_NUMBER_OBJECT_CONVERSION = YES_AGGRESSIVE;
				CLANG_CXX_LANGUAGE_STANDARD = "gnu++20";
				CLANG_ENABLE_MODULES = YES;
				CLANG_ENABLE_OBJC_ARC = YES;
				CLANG_ENABLE_OBJC_WEAK = YES;
				CLANG_WARN_BLOCK_CAPTURE_AUTORELEASING = YES;
				CLANG_WARN_BOOL_CONVERSION = YES;
				CLANG_WARN_COMMA = YES;
				CLANG_WARN_CONSTANT_CONVERSION = YES;
				CLANG_WARN_DEPRECATED_OBJC_IMPLEMENTATIONS = YES;
				CLANG_WARN_DIRECT_OBJC_ISA_USAGE = YES_ERROR;
				CLANG_WARN_DOCUMENTATION_COMMENTS = YES;
				CLANG_WARN_EMPTY_BODY = YES;
				CLANG_WARN_ENUM_CONVERSION = YES;
				CLANG_WARN_INFINITE_RECURSION = YES;
				CLANG_WARN_INT_CONVERSION = YES;
				CLANG_WARN_NON_LITERAL_NULL_CONVERSION = YES;
				CLANG_WARN_OBJC_IMPLICIT_RETAIN_SELF = YES;
				CLANG_WARN_OBJC_LITERAL_CONVERSION = YES;
				CLANG_WARN_OBJC_ROOT_CLASS = YES_ERROR;
				CLANG_WARN_QUOTED_INCLUDE_IN_FRAMEWORK_HEADER = YES;
				CLANG_WARN_RANGE_LOOP_ANALYSIS = YES;
				CLANG_WARN_STRICT_PROTOTYPES = YES;
				CLANG_WARN_SUSPICIOUS_MOVE = YES;
				CLANG_WARN_UNGUARDED_AVAILABILITY = YES_AGGRESSIVE;
				CLANG_WARN_UNREACHABLE_CODE = YES;
				CLANG_WARN__DUPLICATE_METHOD_MATCH = YES;
				COPY_PHASE_STRIP = NO;
				DEBUG_INFORMATION_FORMAT = "dwarf-with-dsym";
				ENABLE_NS_ASSERTIONS = NO;
				ENABLE_STRICT_OBJC_MSGSEND = YES;
				GCC_C_LANGUAGE_STANDARD = gnu11;
				GCC_NO_COMMON_BLOCKS = YES;
				GCC_WARN_64_TO_32_BIT_CONVERSION = YES;
				GCC_WARN_ABOUT_RETURN_TYPE = YES_ERROR;
				GCC_WARN_UNDECLARED_SELECTOR = YES;
				GCC_WARN_UNINITIALIZED_AUTOS = YES_AGGRESSIVE;
				GCC_WARN_UNUSED_FUNCTION = YES;
				GCC_WARN_UNUSED_VARIABLE = YES;
				IPHONEOS_DEPLOYMENT_TARGET = 16.2;
				MTL_ENABLE_DEBUG_INFO = NO;
				MTL_FAST_MATH = YES;
				SDKROOT = iphoneos;
				SWIFT_COMPILATION_MODE = wholemodule;
				SWIFT_OPTIMIZATION_LEVEL = "-O";
				VALIDATE_PRODUCT = YES;
			};
			name = Release;
		};
		2F4D0BBD29D6B9F8006B9DB1 /* Debug */ = {
			isa = XCBuildConfiguration;
			buildSettings = {
				ASSETCATALOG_COMPILER_APPICON_NAME = AppIcon;
				ASSETCATALOG_COMPILER_GLOBAL_ACCENT_COLOR_NAME = AccentColor;
				CODE_SIGN_STYLE = Automatic;
				CURRENT_PROJECT_VERSION = 1;
				DEVELOPMENT_TEAM = 9Y7C23MX88;
				GENERATE_INFOPLIST_FILE = YES;
				INFOPLIST_FILE = SimpleShortform/Info.plist;
				INFOPLIST_KEY_UIApplicationSupportsIndirectInputEvents = YES;
				INFOPLIST_KEY_UILaunchStoryboardName = LaunchScreen;
				INFOPLIST_KEY_UIMainStoryboardFile = Main;
				INFOPLIST_KEY_UISupportedInterfaceOrientations = UIInterfaceOrientationPortrait;
				IPHONEOS_DEPLOYMENT_TARGET = 11.0;
				LD_RUNPATH_SEARCH_PATHS = (
					"$(inherited)",
					"@executable_path/Frameworks",
				);
				MARKETING_VERSION = 1.0;
				PRODUCT_BUNDLE_IDENTIFIER = hsm.simpleshortform;
				PRODUCT_NAME = "$(TARGET_NAME)";
				SUPPORTED_PLATFORMS = "iphoneos iphonesimulator";
				SUPPORTS_MACCATALYST = NO;
				SUPPORTS_MAC_DESIGNED_FOR_IPHONE_IPAD = NO;
				SWIFT_EMIT_LOC_STRINGS = YES;
				SWIFT_VERSION = 5.0;
				TARGETED_DEVICE_FAMILY = 1;
			};
			name = Debug;
		};
		2F4D0BBE29D6B9F8006B9DB1 /* Release */ = {
			isa = XCBuildConfiguration;
			buildSettings = {
				ASSETCATALOG_COMPILER_APPICON_NAME = AppIcon;
				ASSETCATALOG_COMPILER_GLOBAL_ACCENT_COLOR_NAME = AccentColor;
				CODE_SIGN_STYLE = Automatic;
				CURRENT_PROJECT_VERSION = 1;
				DEVELOPMENT_TEAM = 9Y7C23MX88;
				GENERATE_INFOPLIST_FILE = YES;
				INFOPLIST_FILE = SimpleShortform/Info.plist;
				INFOPLIST_KEY_UIApplicationSupportsIndirectInputEvents = YES;
				INFOPLIST_KEY_UILaunchStoryboardName = LaunchScreen;
				INFOPLIST_KEY_UIMainStoryboardFile = Main;
				INFOPLIST_KEY_UISupportedInterfaceOrientations = UIInterfaceOrientationPortrait;
				IPHONEOS_DEPLOYMENT_TARGET = 11.0;
				LD_RUNPATH_SEARCH_PATHS = (
					"$(inherited)",
					"@executable_path/Frameworks",
				);
				MARKETING_VERSION = 1.0;
				PRODUCT_BUNDLE_IDENTIFIER = hsm.simpleshortform;
				PRODUCT_NAME = "$(TARGET_NAME)";
				SUPPORTED_PLATFORMS = "iphoneos iphonesimulator";
				SUPPORTS_MACCATALYST = NO;
				SUPPORTS_MAC_DESIGNED_FOR_IPHONE_IPAD = NO;
				SWIFT_EMIT_LOC_STRINGS = YES;
				SWIFT_VERSION = 5.0;
				TARGETED_DEVICE_FAMILY = 1;
			};
			name = Release;
		};
/* End XCBuildConfiguration section */

/* Begin XCConfigurationList section */
		2F4D0BA329D6B9F8006B9DB1 /* Build configuration list for PBXProject "SimpleShortform" */ = {
			isa = XCConfigurationList;
			buildConfigurations = (
				2F4D0BBA29D6B9F8006B9DB1 /* Debug */,
				2F4D0BBB29D6B9F8006B9DB1 /* Release */,
			);
			defaultConfigurationIsVisible = 0;
			defaultConfigurationName = Release;
		};
		2F4D0BBC29D6B9F8006B9DB1 /* Build configuration list for PBXNativeTarget "SimpleShortform" */ = {
			isa = XCConfigurationList;
			buildConfigurations = (
				2F4D0BBD29D6B9F8006B9DB1 /* Debug */,
				2F4D0BBE29D6B9F8006B9DB1 /* Release */,
			);
			defaultConfigurationIsVisible = 0;
			defaultConfigurationName = Release;
		};
/* End XCConfigurationList section */

/* Begin XCRemoteSwiftPackageReference section */
		2F7CA17929D6BCFE00C9BD8D /* XCRemoteSwiftPackageReference "RxSwift" */ = {
			isa = XCRemoteSwiftPackageReference;
			repositoryURL = "https://github.com/ReactiveX/RxSwift.git";
			requirement = {
				branch = main;
				kind = branch;
			};
		};
/* End XCRemoteSwiftPackageReference section */

/* Begin XCSwiftPackageProductDependency section */
		2F7CA17A29D6BCFE00C9BD8D /* RxCocoa */ = {
			isa = XCSwiftPackageProductDependency;
			package = 2F7CA17929D6BCFE00C9BD8D /* XCRemoteSwiftPackageReference "RxSwift" */;
			productName = RxCocoa;
		};
		2F7CA17C29D6BCFE00C9BD8D /* RxRelay */ = {
			isa = XCSwiftPackageProductDependency;
			package = 2F7CA17929D6BCFE00C9BD8D /* XCRemoteSwiftPackageReference "RxSwift" */;
			productName = RxRelay;
		};
		2F7CA17E29D6BCFE00C9BD8D /* RxSwift */ = {
			isa = XCSwiftPackageProductDependency;
			package = 2F7CA17929D6BCFE00C9BD8D /* XCRemoteSwiftPackageReference "RxSwift" */;
			productName = RxSwift;
		};
/* End XCSwiftPackageProductDependency section */
	};
	rootObject = 2F4D0BA029D6B9F8006B9DB1 /* Project object */;
}
